
Microsoft Visual Studio Solution File, Format Version 12.00
# Visual Studio Version 17
VisualStudioVersion = 17.9.34622.214
MinimumVisualStudioVersion = 10.0.40219.1
Project("{FAE04EC0-301F-11D3-BF4B-00C04F79EFBC}") = "EshopAdminApplication.Web", "EshopAdminApplication.Web\EshopAdminApplication.Web.csproj", "{A9A569E8-426E-4C06-A360-795991D78553}"
EndProject
Global
	GlobalSection(SolutionConfigurationPlatforms) = preSolution
		Debug|Any CPU = Debug|Any CPU
		Release|Any CPU = Release|Any CPU
	EndGlobalSection
	GlobalSection(ProjectConfigurationPlatforms) = postSolution
		{A9A569E8-426E-4C06-A360-795991D78553}.Debug|Any CPU.ActiveCfg = Debug|Any CPU
		{A9A569E8-426E-4C06-A360-795991D78553}.Debug|Any CPU.Build.0 = Debug|Any CPU
		{A9A569E8-426E-4C06-A360-795991D78553}.Release|Any CPU.ActiveCfg = Release|Any CPU
		{A9A569E8-426E-4C06-A360-795991D78553}.Release|Any CPU.Build.0 = Release|Any CPU
	EndGlobalSection
	GlobalSection(SolutionProperties) = preSolution
		HideSolutionNode = FALSE
	EndGlobalSection
	GlobalSection(ExtensibilityGlobals) = postSolution
		SolutionGuid = {2EA2A3A9-7A08-44D7-A61B-38E0AE389311}
	EndGlobalSection
EndGlobal
